
Microsoft Visual Studio Solution File, Format Version 12.00
Project("{FAE04EC0-301F-11D3-BF4B-00C04F79EFBC}") = "second_lab", "second_lab\second_lab.csproj", "{6EE0FCEB-899B-4A3E-9D15-368B4F18E32E}"
EndProject
Global
	GlobalSection(SolutionConfigurationPlatforms) = preSolution
		Debug|Any CPU = Debug|Any CPU
		Release|Any CPU = Release|Any CPU
	EndGlobalSection
	GlobalSection(ProjectConfigurationPlatforms) = postSolution
		{6EE0FCEB-899B-4A3E-9D15-368B4F18E32E}.Debug|Any CPU.ActiveCfg = Debug|Any CPU
		{6EE0FCEB-899B-4A3E-9D15-368B4F18E32E}.Debug|Any CPU.Build.0 = Debug|Any CPU
		{6EE0FCEB-899B-4A3E-9D15-368B4F18E32E}.Release|Any CPU.ActiveCfg = Release|Any CPU
		{6EE0FCEB-899B-4A3E-9D15-368B4F18E32E}.Release|Any CPU.Build.0 = Release|Any CPU
	EndGlobalSection
EndGlobal
