
Microsoft Visual Studio Solution File, Format Version 12.00
# Visual Studio Version 17
VisualStudioVersion = 17.11.35208.52
MinimumVisualStudioVersion = 10.0.40219.1
Project("{FAE04EC0-301F-11D3-BF4B-00C04F79EFBC}") = "first_lab", "first_lab\first_lab.csproj", "{0500B0D8-1F79-4025-ADDE-0F8854F2F18A}"
EndProject
Global
	GlobalSection(SolutionConfigurationPlatforms) = preSolution
		Debug|Any CPU = Debug|Any CPU
		Release|Any CPU = Release|Any CPU
	EndGlobalSection
	GlobalSection(ProjectConfigurationPlatforms) = postSolution
		{0500B0D8-1F79-4025-ADDE-0F8854F2F18A}.Debug|Any CPU.ActiveCfg = Debug|Any CPU
		{0500B0D8-1F79-4025-ADDE-0F8854F2F18A}.Debug|Any CPU.Build.0 = Debug|Any CPU
		{0500B0D8-1F79-4025-ADDE-0F8854F2F18A}.Release|Any CPU.ActiveCfg = Release|Any CPU
		{0500B0D8-1F79-4025-ADDE-0F8854F2F18A}.Release|Any CPU.Build.0 = Release|Any CPU
	EndGlobalSection
	GlobalSection(SolutionProperties) = preSolution
		HideSolutionNode = FALSE
	EndGlobalSection
	GlobalSection(ExtensibilityGlobals) = postSolution
		SolutionGuid = {7AEE3AB0-C52C-43E0-AA0E-3465E01D23A9}
	EndGlobalSection
EndGlobal
